PODS:
  - MJExtension (3.0.15.1)
  - WLRRoute (0.1.1)

DEPENDENCIES:
  - MJExtension
  - WLRRoute (from `../`)

SPEC REPOS:
  https://github.com/cocoapods/specs.git:
    - MJExtension

EXTERNAL SOURCES:
  WLRRoute:
    :path: "../"

SPEC CHECKSUMS:
  MJExtension: 19bc33ce2eee2d319760f5622562cf581a6ff756
  WLRRoute: acb9212438712dd31ffaf0ad00d759074fcaa268

PODFILE CHECKSUM: 6cdbef6622812cadcac95473dbdbc8b87d99b579

COCOAPODS: 1.5.3
